
Microsoft Visual Studio Solution File, Format Version 12.00
# Visual Studio Version 17
VisualStudioVersion = 17.4.33110.190
MinimumVisualStudioVersion = 10.0.40219.1
Project("{FAE04EC0-301F-11D3-BF4B-00C04F79EFBC}") = "La Mia Pizzeria 1", "La Mia Pizzeria 1\La Mia Pizzeria 1.csproj", "{74652512-D508-4DAF-84AF-A581849BA4E1}"
EndProject
Global
	GlobalSection(SolutionConfigurationPlatforms) = preSolution
		Debug|Any CPU = Debug|Any CPU
		Release|Any CPU = Release|Any CPU
	EndGlobalSection
	GlobalSection(ProjectConfigurationPlatforms) = postSolution
		{74652512-D508-4DAF-84AF-A581849BA4E1}.Debug|Any CPU.ActiveCfg = Debug|Any CPU
		{74652512-D508-4DAF-84AF-A581849BA4E1}.Debug|Any CPU.Build.0 = Debug|Any CPU
		{74652512-D508-4DAF-84AF-A581849BA4E1}.Release|Any CPU.ActiveCfg = Release|Any CPU
		{74652512-D508-4DAF-84AF-A581849BA4E1}.Release|Any CPU.Build.0 = Release|Any CPU
	EndGlobalSection
	GlobalSection(SolutionProperties) = preSolution
		HideSolutionNode = FALSE
	EndGlobalSection
	GlobalSection(ExtensibilityGlobals) = postSolution
		SolutionGuid = {F0D09CDA-F21C-4F07-9C01-E369A3666546}
	EndGlobalSection
EndGlobal
